// !$*UTF8*$!
{
	archiveVersion = 1;
	classes = {
	};
	objectVersion = 50;
	objects = {

/* Begin PBXBuildFile section */
		02DF1758252B98F5004F7FBB /* AppDelegate.swift in Sources */ = {isa = PBXBuildFile; fileRef = 02DF1757252B98F5004F7FBB /* AppDelegate.swift */; };
		02DF175A252B98F5004F7FBB /* SceneDelegate.swift in Sources */ = {isa = PBXBuildFile; fileRef = 02DF1759252B98F5004F7FBB /* SceneDelegate.swift */; };
		02DF175F252B98F5004F7FBB /* Main.storyboard in Resources */ = {isa = PBXBuildFile; fileRef = 02DF175D252B98F5004F7FBB /* Main.storyboard */; };
		02DF1762252B98F5004F7FBB /* NextToRead.xcdatamodeld in Sources */ = {isa = PBXBuildFile; fileRef = 02DF1760252B98F5004F7FBB /* NextToRead.xcdatamodeld */; };
		02DF1764252B98F9004F7FBB /* Assets.xcassets in Resources */ = {isa = PBXBuildFile; fileRef = 02DF1763252B98F9004F7FBB /* Assets.xcassets */; };
		02DF1767252B98F9004F7FBB /* LaunchScreen.storyboard in Resources */ = {isa = PBXBuildFile; fileRef = 02DF1765252B98F9004F7FBB /* LaunchScreen.storyboard */; };
		02DF1775252BB200004F7FBB /* CategoryViewController.swift in Sources */ = {isa = PBXBuildFile; fileRef = 02DF1774252BB200004F7FBB /* CategoryViewController.swift */; };
		02DF1779252BB22D004F7FBB /* ItemsViewController.swift in Sources */ = {isa = PBXBuildFile; fileRef = 02DF1778252BB22D004F7FBB /* ItemsViewController.swift */; };
/* End PBXBuildFile section */

/* Begin PBXFileReference section */
		02DF1754252B98F5004F7FBB /* NextToRead.app */ = {isa = PBXFileReference; explicitFileType = wrapper.application; includeInIndex = 0; path = NextToRead.app; sourceTree = BUILT_PRODUCTS_DIR; };
		02DF1757252B98F5004F7FBB /* AppDelegate.swift */ = {isa = PBXFileReference; lastKnownFileType = sourcecode.swift; path = AppDelegate.swift; sourceTree = "<group>"; };
		02DF1759252B98F5004F7FBB /* SceneDelegate.swift */ = {isa = PBXFileReference; lastKnownFileType = sourcecode.swift; path = SceneDelegate.swift; sourceTree = "<group>"; };
		02DF175E252B98F5004F7FBB /* Base */ = {isa = PBXFileReference; lastKnownFileType = file.storyboard; name = Base; path = Base.lproj/Main.storyboard; sourceTree = "<group>"; };
		02DF1761252B98F5004F7FBB /* NextToRead.xcdatamodel */ = {isa = PBXFileReference; lastKnownFileType = wrapper.xcdatamodel; path = NextToRead.xcdatamodel; sourceTree = "<group>"; };
		02DF1763252B98F9004F7FBB /* Assets.xcassets */ = {isa = PBXFileReference; lastKnownFileType = folder.assetcatalog; path = Assets.xcassets; sourceTree = "<group>"; };
		02DF1766252B98F9004F7FBB /* Base */ = {isa = PBXFileReference; lastKnownFileType = file.storyboard; name = Base; path = Base.lproj/LaunchScreen.storyboard; sourceTree = "<group>"; };
		02DF1768252B98F9004F7FBB /* Info.plist */ = {isa = PBXFileReference; lastKnownFileType = text.plist.xml; path = Info.plist; sourceTree = "<group>"; };
		02DF1774252BB200004F7FBB /* CategoryViewController.swift */ = {isa = PBXFileReference; lastKnownFileType = sourcecode.swift; path = CategoryViewController.swift; sourceTree = "<group>"; };
		02DF1778252BB22D004F7FBB /* ItemsViewController.swift */ = {isa = PBXFileReference; lastKnownFileType = sourcecode.swift; path = ItemsViewController.swift; sourceTree = "<group>"; };
/* End PBXFileReference section */

/* Begin PBXFrameworksBuildPhase section */
		02DF1751252B98F5004F7FBB /* Frameworks */ = {
			isa = PBXFrameworksBuildPhase;
			buildActionMask = 2147483647;
			files = (
			);
			runOnlyForDeploymentPostprocessing = 0;
		};
/* End PBXFrameworksBuildPhase section */

/* Begin PBXGroup section */
		02DF174B252B98F5004F7FBB = {
			isa = PBXGroup;
			children = (
				02DF1756252B98F5004F7FBB /* NextToRead */,
				02DF1755252B98F5004F7FBB /* Products */,
			);
			sourceTree = "<group>";
		};
		02DF1755252B98F5004F7FBB /* Products */ = {
			isa = PBXGroup;
			children = (
				02DF1754252B98F5004F7FBB /* NextToRead.app */,
			);
			name = Products;
			sourceTree = "<group>";
		};
		02DF1756252B98F5004F7FBB /* NextToRead */ = {
			isa = PBXGroup;
			children = (
				02DF1772252BAF28004F7FBB /* Models */,
				02DF1771252BAF1C004F7FBB /* Views */,
				02DF176F252BAEFB004F7FBB /* Controllers */,
				02DF1757252B98F5004F7FBB /* AppDelegate.swift */,
				02DF1759252B98F5004F7FBB /* SceneDelegate.swift */,
				02DF1763252B98F9004F7FBB /* Assets.xcassets */,
				02DF1765252B98F9004F7FBB /* LaunchScreen.storyboard */,
				02DF1768252B98F9004F7FBB /* Info.plist */,
			);
			path = NextToRead;
			sourceTree = "<group>";
		};
		02DF176F252BAEFB004F7FBB /* Controllers */ = {
			isa = PBXGroup;
			children = (
				02DF1774252BB200004F7FBB /* CategoryViewController.swift */,
				02DF1778252BB22D004F7FBB /* ItemsViewController.swift */,
			);
			path = Controllers;
			sourceTree = "<group>";
		};
		02DF1771252BAF1C004F7FBB /* Views */ = {
			isa = PBXGroup;
			children = (
				02DF175D252B98F5004F7FBB /* Main.storyboard */,
			);
			path = Views;
			sourceTree = "<group>";
		};
		02DF1772252BAF28004F7FBB /* Models */ = {
			isa = PBXGroup;
			children = (
				02DF1760252B98F5004F7FBB /* NextToRead.xcdatamodeld */,
			);
			path = Models;
			sourceTree = "<group>";
		};
/* End PBXGroup section */

/* Begin PBXNativeTarget section */
		02DF1753252B98F5004F7FBB /* NextToRead */ = {
			isa = PBXNativeTarget;
			buildConfigurationList = 02DF176B252B98F9004F7FBB /* Build configuration list for PBXNativeTarget "NextToRead" */;
			buildPhases = (
				02DF1750252B98F5004F7FBB /* Sources */,
				02DF1751252B98F5004F7FBB /* Frameworks */,
				02DF1752252B98F5004F7FBB /* Resources */,
			);
			buildRules = (
			);
			dependencies = (
			);
			name = NextToRead;
			productName = NextToRead;
			productReference = 02DF1754252B98F5004F7FBB /* NextToRead.app */;
			productType = "com.apple.product-type.application";
		};
/* End PBXNativeTarget section */

/* Begin PBXProject section */
		02DF174C252B98F5004F7FBB /* Project object */ = {
			isa = PBXProject;
			attributes = {
				LastSwiftUpdateCheck = 1200;
				LastUpgradeCheck = 1200;
				TargetAttributes = {
					02DF1753252B98F5004F7FBB = {
						CreatedOnToolsVersion = 12.0.1;
					};
				};
			};
			buildConfigurationList = 02DF174F252B98F5004F7FBB /* Build configuration list for PBXProject "NextToRead" */;
			compatibilityVersion = "Xcode 9.3";
			developmentRegion = en;
			hasScannedForEncodings = 0;
			knownRegions = (
				en,
				Base,
			);
			mainGroup = 02DF174B252B98F5004F7FBB;
			productRefGroup = 02DF1755252B98F5004F7FBB /* Products */;
			projectDirPath = "";
			projectRoot = "";
			targets = (
				02DF1753252B98F5004F7FBB /* NextToRead */,
			);
		};
/* End PBXProject section */

/* Begin PBXResourcesBuildPhase section */
		02DF1752252B98F5004F7FBB /* Resources */ = {
			isa = PBXResourcesBuildPhase;
			buildActionMask = 2147483647;
			files = (
				02DF1767252B98F9004F7FBB /* LaunchScreen.storyboard in Resources */,
				02DF1764252B98F9004F7FBB /* Assets.xcassets in Resources */,
				02DF175F252B98F5004F7FBB /* Main.storyboard in Resources */,
			);
			runOnlyForDeploymentPostprocessing = 0;
		};
/* End PBXResourcesBuildPhase section */

/* Begin PBXSourcesBuildPhase section */
		02DF1750252B98F5004F7FBB /* Sources */ = {
			isa = PBXSourcesBuildPhase;
			buildActionMask = 2147483647;
			files = (
				02DF1779252BB22D004F7FBB /* ItemsViewController.swift in Sources */,
				02DF1775252BB200004F7FBB /* CategoryViewController.swift in Sources */,
				02DF1762252B98F5004F7FBB /* NextToRead.xcdatamodeld in Sources */,
				02DF1758252B98F5004F7FBB /* AppDelegate.swift in Sources */,
				02DF175A252B98F5004F7FBB /* SceneDelegate.swift in Sources */,
			);
			runOnlyForDeploymentPostprocessing = 0;
		};
/* End PBXSourcesBuildPhase section */

/* Begin PBXVariantGroup section */
		02DF175D252B98F5004F7FBB /* Main.storyboard */ = {
			isa = PBXVariantGroup;
			children = (
				02DF175E252B98F5004F7FBB /* Base */,
			);
			name = Main.storyboard;
			sourceTree = "<group>";
		};
		02DF1765252B98F9004F7FBB /* LaunchScreen.storyboard */ = {
			isa = PBXVariantGroup;
			children = (
				02DF1766252B98F9004F7FBB /* Base */,
			);
			name = LaunchScreen.storyboard;
			sourceTree = "<group>";
		};
/* End PBXVariantGroup section */

/* Begin XCBuildConfiguration section */
		02DF1769252B98F9004F7FBB /* Debug */ = {
			isa = XCBuildConfiguration;
			buildSettings = {
				ALWAYS_SEARCH_USER_PATHS = NO;
				CLANG_ANALYZER_NONNULL = YES;
				CLANG_ANALYZER_NUMBER_OBJECT_CONVERSION = YES_AGGRESSIVE;
				CLANG_CXX_LANGUAGE_STANDARD = "gnu++14";
				CLANG_CXX_LIBRARY = "libc++";
				CLANG_ENABLE_MODULES = YES;
				CLANG_ENABLE_OBJC_ARC = YES;
				CLANG_ENABLE_OBJC_WEAK = YES;
				CLANG_WARN_BLOCK_CAPTURE_AUTORELEASING = YES;
				CLANG_WARN_BOOL_CONVERSION = YES;
				CLANG_WARN_COMMA = YES;
				CLANG_WARN_CONSTANT_CONVERSION = YES;
				CLANG_WARN_DEPRECATED_OBJC_IMPLEMENTATIONS = YES;
				CLANG_WARN_DIRECT_OBJC_ISA_USAGE = YES_ERROR;
				CLANG_WARN_DOCUMENTATION_COMMENTS = YES;
				CLANG_WARN_EMPTY_BODY = YES;
				CLANG_WARN_ENUM_CONVERSION = YES;
				CLANG_WARN_INFINITE_RECURSION = YES;
				CLANG_WARN_INT_CONVERSION = YES;
				CLANG_WARN_NON_LITERAL_NULL_CONVERSION = YES;
				CLANG_WARN_OBJC_IMPLICIT_RETAIN_SELF = YES;
				CLANG_WARN_OBJC_LITERAL_CONVERSION = YES;
				CLANG_WARN_OBJC_ROOT_CLASS = YES_ERROR;
				CLANG_WARN_QUOTED_INCLUDE_IN_FRAMEWORK_HEADER = YES;
				CLANG_WARN_RANGE_LOOP_ANALYSIS = YES;
				CLANG_WARN_STRICT_PROTOTYPES = YES;
				CLANG_WARN_SUSPICIOUS_MOVE = YES;
				CLANG_WARN_UNGUARDED_AVAILABILITY = YES_AGGRESSIVE;
				CLANG_WARN_UNREACHABLE_CODE = YES;
				CLANG_WARN__DUPLICATE_METHOD_MATCH = YES;
				COPY_PHASE_STRIP = NO;
				DEBUG_INFORMATION_FORMAT = dwarf;
				ENABLE_STRICT_OBJC_MSGSEND = YES;
				ENABLE_TESTABILITY = YES;
				GCC_C_LANGUAGE_STANDARD = gnu11;
				GCC_DYNAMIC_NO_PIC = NO;
				GCC_NO_COMMON_BLOCKS = YES;
				GCC_OPTIMIZATION_LEVEL = 0;
				GCC_PREPROCESSOR_DEFINITIONS = (
					"DEBUG=1",
					"$(inherited)",
				);
				GCC_WARN_64_TO_32_BIT_CONVERSION = YES;
				GCC_WARN_ABOUT_RETURN_TYPE = YES_ERROR;
				GCC_WARN_UNDECLARED_SELECTOR = YES;
				GCC_WARN_UNINITIALIZED_AUTOS = YES_AGGRESSIVE;
				GCC_WARN_UNUSED_FUNCTION = YES;
				GCC_WARN_UNUSED_VARIABLE = YES;
				IPHONEOS_DEPLOYMENT_TARGET = 14.0;
				MTL_ENABLE_DEBUG_INFO = INCLUDE_SOURCE;
				MTL_FAST_MATH = YES;
				ONLY_ACTIVE_ARCH = YES;
				SDKROOT = iphoneos;
				SWIFT_ACTIVE_COMPILATION_CONDITIONS = DEBUG;
				SWIFT_OPTIMIZATION_LEVEL = "-Onone";
			};
			name = Debug;
		};
		02DF176A252B98F9004F7FBB /* Release */ = {
			isa = XCBuildConfiguration;
			buildSettings = {
				ALWAYS_SEARCH_USER_PATHS = NO;
				CLANG_ANALYZER_NONNULL = YES;
				CLANG_ANALYZER_NUMBER_OBJECT_CONVERSION = YES_AGGRESSIVE;
				CLANG_CXX_LANGUAGE_STANDARD = "gnu++14";
				CLANG_CXX_LIBRARY = "libc++";
				CLANG_ENABLE_MODULES = YES;
				CLANG_ENABLE_OBJC_ARC = YES;
				CLANG_ENABLE_OBJC_WEAK = YES;
				CLANG_WARN_BLOCK_CAPTURE_AUTORELEASING = YES;
				CLANG_WARN_BOOL_CONVERSION = YES;
				CLANG_WARN_COMMA = YES;
				CLANG_WARN_CONSTANT_CONVERSION = YES;
				CLANG_WARN_DEPRECATED_OBJC_IMPLEMENTATIONS = YES;
				CLANG_WARN_DIRECT_OBJC_ISA_USAGE = YES_ERROR;
				CLANG_WARN_DOCUMENTATION_COMMENTS = YES;
				CLANG_WARN_EMPTY_BODY = YES;
				CLANG_WARN_ENUM_CONVERSION = YES;
				CLANG_WARN_INFINITE_RECURSION = YES;
				CLANG_WARN_INT_CONVERSION = YES;
				CLANG_WARN_NON_LITERAL_NULL_CONVERSION = YES;
				CLANG_WARN_OBJC_IMPLICIT_RETAIN_SELF = YES;
				CLANG_WARN_OBJC_LITERAL_CONVERSION = YES;
				CLANG_WARN_OBJC_ROOT_CLASS = YES_ERROR;
				CLANG_WARN_QUOTED_INCLUDE_IN_FRAMEWORK_HEADER = YES;
				CLANG_WARN_RANGE_LOOP_ANALYSIS = YES;
				CLANG_WARN_STRICT_PROTOTYPES = YES;
				CLANG_WARN_SUSPICIOUS_MOVE = YES;
				CLANG_WARN_UNGUARDED_AVAILABILITY = YES_AGGRESSIVE;
				CLANG_WARN_UNREACHABLE_CODE = YES;
				CLANG_WARN__DUPLICATE_METHOD_MATCH = YES;
				COPY_PHASE_STRIP = NO;
				DEBUG_INFORMATION_FORMAT = "dwarf-with-dsym";
				ENABLE_NS_ASSERTIONS = NO;
				ENABLE_STRICT_OBJC_MSGSEND = YES;
				GCC_C_LANGUAGE_STANDARD = gnu11;
				GCC_NO_COMMON_BLOCKS = YES;
				GCC_WARN_64_TO_32_BIT_CONVERSION = YES;
				GCC_WARN_ABOUT_RETURN_TYPE = YES_ERROR;
				GCC_WARN_UNDECLARED_SELECTOR = YES;
				GCC_WARN_UNINITIALIZED_AUTOS = YES_AGGRESSIVE;
				GCC_WARN_UNUSED_FUNCTION = YES;
				GCC_WARN_UNUSED_VARIABLE = YES;
				IPHONEOS_DEPLOYMENT_TARGET = 14.0;
				MTL_ENABLE_DEBUG_INFO = NO;
				MTL_FAST_MATH = YES;
				SDKROOT = iphoneos;
				SWIFT_COMPILATION_MODE = wholemodule;
				SWIFT_OPTIMIZATION_LEVEL = "-O";
				VALIDATE_PRODUCT = YES;
			};
			name = Release;
		};
		02DF176C252B98F9004F7FBB /* Debug */ = {
			isa = XCBuildConfiguration;
			buildSettings = {
				ASSETCATALOG_COMPILER_APPICON_NAME = AppIcon;
				ASSETCATALOG_COMPILER_GLOBAL_ACCENT_COLOR_NAME = AccentColor;
				CODE_SIGN_STYLE = Automatic;
				DEVELOPMENT_TEAM = 4485DWBU98;
				INFOPLIST_FILE = NextToRead/Info.plist;
				LD_RUNPATH_SEARCH_PATHS = (
					"$(inherited)",
					"@executable_path/Frameworks",
				);
				PRODUCT_BUNDLE_IDENTIFIER = com.khudzhamkulova.NextToRead;
				PRODUCT_NAME = "$(TARGET_NAME)";
				SWIFT_VERSION = 5.0;
				TARGETED_DEVICE_FAMILY = "1,2";
			};
			name = Debug;
		};
		02DF176D252B98F9004F7FBB /* Release */ = {
			isa = XCBuildConfiguration;
			buildSettings = {
				ASSETCATALOG_COMPILER_APPICON_NAME = AppIcon;
				ASSETCATALOG_COMPILER_GLOBAL_ACCENT_COLOR_NAME = AccentColor;
				CODE_SIGN_STYLE = Automatic;
				DEVELOPMENT_TEAM = 4485DWBU98;
				INFOPLIST_FILE = NextToRead/Info.plist;
				LD_RUNPATH_SEARCH_PATHS = (
					"$(inherited)",
					"@executable_path/Frameworks",
				);
				PRODUCT_BUNDLE_IDENTIFIER = com.khudzhamkulova.NextToRead;
				PRODUCT_NAME = "$(TARGET_NAME)";
				SWIFT_VERSION = 5.0;
				TARGETED_DEVICE_FAMILY = "1,2";
			};
			name = Release;
		};
/* End XCBuildConfiguration section */

/* Begin XCConfigurationList section */
		02DF174F252B98F5004F7FBB /* Build configuration list for PBXProject "NextToRead" */ = {
			isa = XCConfigurationList;
			buildConfigurations = (
				02DF1769252B98F9004F7FBB /* Debug */,
				02DF176A252B98F9004F7FBB /* Release */,
			);
			defaultConfigurationIsVisible = 0;
			defaultConfigurationName = Release;
		};
		02DF176B252B98F9004F7FBB /* Build configuration list for PBXNativeTarget "NextToRead" */ = {
			isa = XCConfigurationList;
			buildConfigurations = (
				02DF176C252B98F9004F7FBB /* Debug */,
				02DF176D252B98F9004F7FBB /* Release */,
			);
			defaultConfigurationIsVisible = 0;
			defaultConfigurationName = Release;
		};
/* End XCConfigurationList section */

/* Begin XCVersionGroup section */
		02DF1760252B98F5004F7FBB /* NextToRead.xcdatamodeld */ = {
			isa = XCVersionGroup;
			children = (
				02DF1761252B98F5004F7FBB /* NextToRead.xcdatamodel */,
			);
			currentVersion = 02DF1761252B98F5004F7FBB /* NextToRead.xcdatamodel */;
			path = NextToRead.xcdatamodeld;
			sourceTree = "<group>";
			versionGroupType = wrapper.xcdatamodel;
		};
/* End XCVersionGroup section */
	};
	rootObject = 02DF174C252B98F5004F7FBB /* Project object */;
}
